
Microsoft Visual Studio Solution File, Format Version 12.00
# Visual Studio Version 17
VisualStudioVersion = 17.8.34511.84
MinimumVisualStudioVersion = 10.0.40219.1
Project("{FAE04EC0-301F-11D3-BF4B-00C04F79EFBC}") = "G1_Ejemplo_01", "G1_Ejemplo_01\G1_Ejemplo_01.csproj", "{8F321D90-E63E-4352-B60C-A556AE5C0D61}"
EndProject
Project("{FAE04EC0-301F-11D3-BF4B-00C04F79EFBC}") = "G1_Ejemplo_02", "G1_Ejemplo_02\G1_Ejemplo_02.csproj", "{65B698E4-5EAE-4ACF-A1C6-9FE4AB6EEECE}"
EndProject
Global
	GlobalSection(SolutionConfigurationPlatforms) = preSolution
		Debug|Any CPU = Debug|Any CPU
		Release|Any CPU = Release|Any CPU
	EndGlobalSection
	GlobalSection(ProjectConfigurationPlatforms) = postSolution
		{8F321D90-E63E-4352-B60C-A556AE5C0D61}.Debug|Any CPU.ActiveCfg = Debug|Any CPU
		{8F321D90-E63E-4352-B60C-A556AE5C0D61}.Debug|Any CPU.Build.0 = Debug|Any CPU
		{8F321D90-E63E-4352-B60C-A556AE5C0D61}.Release|Any CPU.ActiveCfg = Release|Any CPU
		{8F321D90-E63E-4352-B60C-A556AE5C0D61}.Release|Any CPU.Build.0 = Release|Any CPU
		{65B698E4-5EAE-4ACF-A1C6-9FE4AB6EEECE}.Debug|Any CPU.ActiveCfg = Debug|Any CPU
		{65B698E4-5EAE-4ACF-A1C6-9FE4AB6EEECE}.Debug|Any CPU.Build.0 = Debug|Any CPU
		{65B698E4-5EAE-4ACF-A1C6-9FE4AB6EEECE}.Release|Any CPU.ActiveCfg = Release|Any CPU
		{65B698E4-5EAE-4ACF-A1C6-9FE4AB6EEECE}.Release|Any CPU.Build.0 = Release|Any CPU
	EndGlobalSection
	GlobalSection(SolutionProperties) = preSolution
		HideSolutionNode = FALSE
	EndGlobalSection
	GlobalSection(ExtensibilityGlobals) = postSolution
		SolutionGuid = {412F7F9A-8593-432A-AAA1-EE29970352C4}
	EndGlobalSection
EndGlobal
